
Microsoft Visual Studio Solution File, Format Version 12.00
# Visual Studio Version 17
VisualStudioVersion = 17.5.002.0
MinimumVisualStudioVersion = 10.0.40219.1
Project("{9A19103F-16F7-4668-BE54-9A1E7A4F7556}") = "DesafioPOO", "DesafioPOO.csproj", "{6177FB36-9133-4C62-B650-9AB55D65F4D5}"
EndProject
Global
	GlobalSection(SolutionConfigurationPlatforms) = preSolution
		Debug|Any CPU = Debug|Any CPU
		Release|Any CPU = Release|Any CPU
	EndGlobalSection
	GlobalSection(ProjectConfigurationPlatforms) = postSolution
		{6177FB36-9133-4C62-B650-9AB55D65F4D5}.Debug|Any CPU.ActiveCfg = Debug|Any CPU
		{6177FB36-9133-4C62-B650-9AB55D65F4D5}.Debug|Any CPU.Build.0 = Debug|Any CPU
		{6177FB36-9133-4C62-B650-9AB55D65F4D5}.Release|Any CPU.ActiveCfg = Release|Any CPU
		{6177FB36-9133-4C62-B650-9AB55D65F4D5}.Release|Any CPU.Build.0 = Release|Any CPU
	EndGlobalSection
	GlobalSection(SolutionProperties) = preSolution
		HideSolutionNode = FALSE
	EndGlobalSection
	GlobalSection(ExtensibilityGlobals) = postSolution
		SolutionGuid = {B66AF8FC-D9D5-43DB-8AAB-385B5113CE90}
	EndGlobalSection
EndGlobal
